// !$*UTF8*$!
{
	archiveVersion = 1;
	classes = {
	};
	objectVersion = 56;
	objects = {

/* Begin PBXBuildFile section */
		024A13A72BD97772007577A8 /* AppDelegate.swift in Sources */ = {isa = PBXBuildFile; fileRef = 024A13A62BD97772007577A8 /* AppDelegate.swift */; };
		024A13A92BD97772007577A8 /* SceneDelegate.swift in Sources */ = {isa = PBXBuildFile; fileRef = 024A13A82BD97772007577A8 /* SceneDelegate.swift */; };
		024A13AB2BD97772007577A8 /* HomeViewController.swift in Sources */ = {isa = PBXBuildFile; fileRef = 024A13AA2BD97772007577A8 /* HomeViewController.swift */; };
		024A13AE2BD97772007577A8 /* Main.storyboard in Resources */ = {isa = PBXBuildFile; fileRef = 024A13AC2BD97772007577A8 /* Main.storyboard */; };
		024A13B02BD97772007577A8 /* Assets.xcassets in Resources */ = {isa = PBXBuildFile; fileRef = 024A13AF2BD97772007577A8 /* Assets.xcassets */; };
		024A13B32BD97772007577A8 /* LaunchScreen.storyboard in Resources */ = {isa = PBXBuildFile; fileRef = 024A13B12BD97772007577A8 /* LaunchScreen.storyboard */; };
		024F126E2BDE00CE007ECE17 /* SelectedCityDelegate.swift in Sources */ = {isa = PBXBuildFile; fileRef = 024F126D2BDE00CE007ECE17 /* SelectedCityDelegate.swift */; };
		024F12702BDE8DCB007ECE17 /* CitiesViewController.swift in Sources */ = {isa = PBXBuildFile; fileRef = 024F126F2BDE8DCB007ECE17 /* CitiesViewController.swift */; };
		024F12722BDE8E24007ECE17 /* City.swift in Sources */ = {isa = PBXBuildFile; fileRef = 024F12712BDE8E24007ECE17 /* City.swift */; };
		024F12752BDEB8DA007ECE17 /* Direction.swift in Sources */ = {isa = PBXBuildFile; fileRef = 024F12742BDEB8DA007ECE17 /* Direction.swift */; };
		02656B292BD9BEDE008D3DE4 /* InfoTicketViewController.swift in Sources */ = {isa = PBXBuildFile; fileRef = 02656B282BD9BEDE008D3DE4 /* InfoTicketViewController.swift */; };
		0277453E2BDB0A47002D44FB /* Ticket.swift in Sources */ = {isa = PBXBuildFile; fileRef = 0277453D2BDB0A47002D44FB /* Ticket.swift */; };
		027745402BDB0A5D002D44FB /* Passenger.swift in Sources */ = {isa = PBXBuildFile; fileRef = 0277453F2BDB0A5D002D44FB /* Passenger.swift */; };
		027745422BDB0A75002D44FB /* Date.swift in Sources */ = {isa = PBXBuildFile; fileRef = 027745412BDB0A75002D44FB /* Date.swift */; };
		027745442BDB0A87002D44FB /* Time.swift in Sources */ = {isa = PBXBuildFile; fileRef = 027745432BDB0A87002D44FB /* Time.swift */; };
		02BE72512BD9B55200174283 /* SeatPlanViewController.swift in Sources */ = {isa = PBXBuildFile; fileRef = 02BE72502BD9B55200174283 /* SeatPlanViewController.swift */; };
		02C99D5A2BDC4BED00569FF3 /* SeatStatus.swift in Sources */ = {isa = PBXBuildFile; fileRef = 02C99D592BDC4BED00569FF3 /* SeatStatus.swift */; };
		02EE2DB02BDC755900C50C8C /* AlertManager.swift in Sources */ = {isa = PBXBuildFile; fileRef = 02EE2DAF2BDC755900C50C8C /* AlertManager.swift */; };
/* End PBXBuildFile section */

/* Begin PBXFileReference section */
		024A13A32BD97772007577A8 /* PubGo.app */ = {isa = PBXFileReference; explicitFileType = wrapper.application; includeInIndex = 0; path = PubGo.app; sourceTree = BUILT_PRODUCTS_DIR; };
		024A13A62BD97772007577A8 /* AppDelegate.swift */ = {isa = PBXFileReference; lastKnownFileType = sourcecode.swift; path = AppDelegate.swift; sourceTree = "<group>"; };
		024A13A82BD97772007577A8 /* SceneDelegate.swift */ = {isa = PBXFileReference; lastKnownFileType = sourcecode.swift; path = SceneDelegate.swift; sourceTree = "<group>"; };
		024A13AA2BD97772007577A8 /* HomeViewController.swift */ = {isa = PBXFileReference; lastKnownFileType = sourcecode.swift; path = HomeViewController.swift; sourceTree = "<group>"; };
		024A13AD2BD97772007577A8 /* Base */ = {isa = PBXFileReference; lastKnownFileType = file.storyboard; name = Base; path = Base.lproj/Main.storyboard; sourceTree = "<group>"; };
		024A13AF2BD97772007577A8 /* Assets.xcassets */ = {isa = PBXFileReference; lastKnownFileType = folder.assetcatalog; path = Assets.xcassets; sourceTree = "<group>"; };
		024A13B22BD97772007577A8 /* Base */ = {isa = PBXFileReference; lastKnownFileType = file.storyboard; name = Base; path = Base.lproj/LaunchScreen.storyboard; sourceTree = "<group>"; };
		024A13B42BD97772007577A8 /* Info.plist */ = {isa = PBXFileReference; lastKnownFileType = text.plist.xml; path = Info.plist; sourceTree = "<group>"; };
		024F126D2BDE00CE007ECE17 /* SelectedCityDelegate.swift */ = {isa = PBXFileReference; lastKnownFileType = sourcecode.swift; path = SelectedCityDelegate.swift; sourceTree = "<group>"; };
		024F126F2BDE8DCB007ECE17 /* CitiesViewController.swift */ = {isa = PBXFileReference; lastKnownFileType = sourcecode.swift; path = CitiesViewController.swift; sourceTree = "<group>"; };
		024F12712BDE8E24007ECE17 /* City.swift */ = {isa = PBXFileReference; lastKnownFileType = sourcecode.swift; path = City.swift; sourceTree = "<group>"; };
		024F12742BDEB8DA007ECE17 /* Direction.swift */ = {isa = PBXFileReference; lastKnownFileType = sourcecode.swift; path = Direction.swift; sourceTree = "<group>"; };
		02656B282BD9BEDE008D3DE4 /* InfoTicketViewController.swift */ = {isa = PBXFileReference; lastKnownFileType = sourcecode.swift; path = InfoTicketViewController.swift; sourceTree = "<group>"; };
		0277453D2BDB0A47002D44FB /* Ticket.swift */ = {isa = PBXFileReference; lastKnownFileType = sourcecode.swift; path = Ticket.swift; sourceTree = "<group>"; };
		0277453F2BDB0A5D002D44FB /* Passenger.swift */ = {isa = PBXFileReference; lastKnownFileType = sourcecode.swift; path = Passenger.swift; sourceTree = "<group>"; };
		027745412BDB0A75002D44FB /* Date.swift */ = {isa = PBXFileReference; lastKnownFileType = sourcecode.swift; path = Date.swift; sourceTree = "<group>"; };
		027745432BDB0A87002D44FB /* Time.swift */ = {isa = PBXFileReference; lastKnownFileType = sourcecode.swift; path = Time.swift; sourceTree = "<group>"; };
		02BE72502BD9B55200174283 /* SeatPlanViewController.swift */ = {isa = PBXFileReference; lastKnownFileType = sourcecode.swift; path = SeatPlanViewController.swift; sourceTree = "<group>"; };
		02C99D592BDC4BED00569FF3 /* SeatStatus.swift */ = {isa = PBXFileReference; lastKnownFileType = sourcecode.swift; path = SeatStatus.swift; sourceTree = "<group>"; };
		02EE2DAF2BDC755900C50C8C /* AlertManager.swift */ = {isa = PBXFileReference; lastKnownFileType = sourcecode.swift; path = AlertManager.swift; sourceTree = "<group>"; };
/* End PBXFileReference section */

/* Begin PBXFrameworksBuildPhase section */
		024A13A02BD97772007577A8 /* Frameworks */ = {
			isa = PBXFrameworksBuildPhase;
			buildActionMask = 2147483647;
			files = (
			);
			runOnlyForDeploymentPostprocessing = 0;
		};
/* End PBXFrameworksBuildPhase section */

/* Begin PBXGroup section */
		024A139A2BD97772007577A8 = {
			isa = PBXGroup;
			children = (
				024A13A52BD97772007577A8 /* PubGo */,
				024A13A42BD97772007577A8 /* Products */,
			);
			sourceTree = "<group>";
		};
		024A13A42BD97772007577A8 /* Products */ = {
			isa = PBXGroup;
			children = (
				024A13A32BD97772007577A8 /* PubGo.app */,
			);
			name = Products;
			sourceTree = "<group>";
		};
		024A13A52BD97772007577A8 /* PubGo */ = {
			isa = PBXGroup;
			children = (
				024A13BB2BD977B2007577A8 /* Supporting Files */,
				024A13BA2BD977AD007577A8 /* Storyboards */,
				024F12732BDEAC27007ECE17 /* Constants */,
				02EE2DAE2BDC754100C50C8C /* Helpers */,
				0277453C2BDB0A36002D44FB /* Models */,
				024A13BC2BD977C4007577A8 /* Views */,
				024A13AF2BD97772007577A8 /* Assets.xcassets */,
				024A13B42BD97772007577A8 /* Info.plist */,
			);
			path = PubGo;
			sourceTree = "<group>";
		};
		024A13BA2BD977AD007577A8 /* Storyboards */ = {
			isa = PBXGroup;
			children = (
				024A13AC2BD97772007577A8 /* Main.storyboard */,
				024A13B12BD97772007577A8 /* LaunchScreen.storyboard */,
			);
			path = Storyboards;
			sourceTree = "<group>";
		};
		024A13BB2BD977B2007577A8 /* Supporting Files */ = {
			isa = PBXGroup;
			children = (
				024A13A62BD97772007577A8 /* AppDelegate.swift */,
				024A13A82BD97772007577A8 /* SceneDelegate.swift */,
			);
			path = "Supporting Files";
			sourceTree = "<group>";
		};
		024A13BC2BD977C4007577A8 /* Views */ = {
			isa = PBXGroup;
			children = (
				024A13BD2BD977D0007577A8 /* Controller */,
			);
			path = Views;
			sourceTree = "<group>";
		};
		024A13BD2BD977D0007577A8 /* Controller */ = {
			isa = PBXGroup;
			children = (
				024A13AA2BD97772007577A8 /* HomeViewController.swift */,
				024F126F2BDE8DCB007ECE17 /* CitiesViewController.swift */,
				02BE72502BD9B55200174283 /* SeatPlanViewController.swift */,
				02656B282BD9BEDE008D3DE4 /* InfoTicketViewController.swift */,
			);
			path = Controller;
			sourceTree = "<group>";
		};
		024F12732BDEAC27007ECE17 /* Constants */ = {
			isa = PBXGroup;
			children = (
				024F12712BDE8E24007ECE17 /* City.swift */,
				02EE2DAF2BDC755900C50C8C /* AlertManager.swift */,
			);
			path = Constants;
			sourceTree = "<group>";
		};
		0277453C2BDB0A36002D44FB /* Models */ = {
			isa = PBXGroup;
			children = (
				0277453D2BDB0A47002D44FB /* Ticket.swift */,
				0277453F2BDB0A5D002D44FB /* Passenger.swift */,
				027745412BDB0A75002D44FB /* Date.swift */,
				027745432BDB0A87002D44FB /* Time.swift */,
				02C99D592BDC4BED00569FF3 /* SeatStatus.swift */,
				024F12742BDEB8DA007ECE17 /* Direction.swift */,
			);
			path = Models;
			sourceTree = "<group>";
		};
		02EE2DAE2BDC754100C50C8C /* Helpers */ = {
			isa = PBXGroup;
			children = (
				024F126D2BDE00CE007ECE17 /* SelectedCityDelegate.swift */,
			);
			path = Helpers;
			sourceTree = "<group>";
		};
/* End PBXGroup section */

/* Begin PBXNativeTarget section */
		024A13A22BD97772007577A8 /* PubGo */ = {
			isa = PBXNativeTarget;
			buildConfigurationList = 024A13B72BD97772007577A8 /* Build configuration list for PBXNativeTarget "PubGo" */;
			buildPhases = (
				024A139F2BD97772007577A8 /* Sources */,
				024A13A02BD97772007577A8 /* Frameworks */,
				024A13A12BD97772007577A8 /* Resources */,
			);
			buildRules = (
			);
			dependencies = (
			);
			name = PubGo;
			productName = PubGo;
			productReference = 024A13A32BD97772007577A8 /* PubGo.app */;
			productType = "com.apple.product-type.application";
		};
/* End PBXNativeTarget section */

/* Begin PBXProject section */
		024A139B2BD97772007577A8 /* Project object */ = {
			isa = PBXProject;
			attributes = {
				BuildIndependentTargetsInParallel = 1;
				LastSwiftUpdateCheck = 1500;
				LastUpgradeCheck = 1500;
				TargetAttributes = {
					024A13A22BD97772007577A8 = {
						CreatedOnToolsVersion = 15.0.1;
					};
				};
			};
			buildConfigurationList = 024A139E2BD97772007577A8 /* Build configuration list for PBXProject "PubGo" */;
			compatibilityVersion = "Xcode 14.0";
			developmentRegion = en;
			hasScannedForEncodings = 0;
			knownRegions = (
				en,
				Base,
			);
			mainGroup = 024A139A2BD97772007577A8;
			productRefGroup = 024A13A42BD97772007577A8 /* Products */;
			projectDirPath = "";
			projectRoot = "";
			targets = (
				024A13A22BD97772007577A8 /* PubGo */,
			);
		};
/* End PBXProject section */

/* Begin PBXResourcesBuildPhase section */
		024A13A12BD97772007577A8 /* Resources */ = {
			isa = PBXResourcesBuildPhase;
			buildActionMask = 2147483647;
			files = (
				024A13B32BD97772007577A8 /* LaunchScreen.storyboard in Resources */,
				024A13B02BD97772007577A8 /* Assets.xcassets in Resources */,
				024A13AE2BD97772007577A8 /* Main.storyboard in Resources */,
			);
			runOnlyForDeploymentPostprocessing = 0;
		};
/* End PBXResourcesBuildPhase section */

/* Begin PBXSourcesBuildPhase section */
		024A139F2BD97772007577A8 /* Sources */ = {
			isa = PBXSourcesBuildPhase;
			buildActionMask = 2147483647;
			files = (
				024F126E2BDE00CE007ECE17 /* SelectedCityDelegate.swift in Sources */,
				024A13AB2BD97772007577A8 /* HomeViewController.swift in Sources */,
				02EE2DB02BDC755900C50C8C /* AlertManager.swift in Sources */,
				027745402BDB0A5D002D44FB /* Passenger.swift in Sources */,
				0277453E2BDB0A47002D44FB /* Ticket.swift in Sources */,
				027745422BDB0A75002D44FB /* Date.swift in Sources */,
				024F12722BDE8E24007ECE17 /* City.swift in Sources */,
				024A13A72BD97772007577A8 /* AppDelegate.swift in Sources */,
				024F12752BDEB8DA007ECE17 /* Direction.swift in Sources */,
				02BE72512BD9B55200174283 /* SeatPlanViewController.swift in Sources */,
				027745442BDB0A87002D44FB /* Time.swift in Sources */,
				02656B292BD9BEDE008D3DE4 /* InfoTicketViewController.swift in Sources */,
				02C99D5A2BDC4BED00569FF3 /* SeatStatus.swift in Sources */,
				024A13A92BD97772007577A8 /* SceneDelegate.swift in Sources */,
				024F12702BDE8DCB007ECE17 /* CitiesViewController.swift in Sources */,
			);
			runOnlyForDeploymentPostprocessing = 0;
		};
/* End PBXSourcesBuildPhase section */

/* Begin PBXVariantGroup section */
		024A13AC2BD97772007577A8 /* Main.storyboard */ = {
			isa = PBXVariantGroup;
			children = (
				024A13AD2BD97772007577A8 /* Base */,
			);
			name = Main.storyboard;
			sourceTree = "<group>";
		};
		024A13B12BD97772007577A8 /* LaunchScreen.storyboard */ = {
			isa = PBXVariantGroup;
			children = (
				024A13B22BD97772007577A8 /* Base */,
			);
			name = LaunchScreen.storyboard;
			sourceTree = "<group>";
		};
/* End PBXVariantGroup section */

/* Begin XCBuildConfiguration section */
		024A13B52BD97772007577A8 /* Debug */ = {
			isa = XCBuildConfiguration;
			buildSettings = {
				ALWAYS_SEARCH_USER_PATHS = NO;
				ASSETCATALOG_COMPILER_GENERATE_SWIFT_ASSET_SYMBOL_EXTENSIONS = YES;
				CLANG_ANALYZER_NONNULL = YES;
				CLANG_ANALYZER_NUMBER_OBJECT_CONVERSION = YES_AGGRESSIVE;
				CLANG_CXX_LANGUAGE_STANDARD = "gnu++20";
				CLANG_ENABLE_MODULES = YES;
				CLANG_ENABLE_OBJC_ARC = YES;
				CLANG_ENABLE_OBJC_WEAK = YES;
				CLANG_WARN_BLOCK_CAPTURE_AUTORELEASING = YES;
				CLANG_WARN_BOOL_CONVERSION = YES;
				CLANG_WARN_COMMA = YES;
				CLANG_WARN_CONSTANT_CONVERSION = YES;
				CLANG_WARN_DEPRECATED_OBJC_IMPLEMENTATIONS = YES;
				CLANG_WARN_DIRECT_OBJC_ISA_USAGE = YES_ERROR;
				CLANG_WARN_DOCUMENTATION_COMMENTS = YES;
				CLANG_WARN_EMPTY_BODY = YES;
				CLANG_WARN_ENUM_CONVERSION = YES;
				CLANG_WARN_INFINITE_RECURSION = YES;
				CLANG_WARN_INT_CONVERSION = YES;
				CLANG_WARN_NON_LITERAL_NULL_CONVERSION = YES;
				CLANG_WARN_OBJC_IMPLICIT_RETAIN_SELF = YES;
				CLANG_WARN_OBJC_LITERAL_CONVERSION = YES;
				CLANG_WARN_OBJC_ROOT_CLASS = YES_ERROR;
				CLANG_WARN_QUOTED_INCLUDE_IN_FRAMEWORK_HEADER = YES;
				CLANG_WARN_RANGE_LOOP_ANALYSIS = YES;
				CLANG_WARN_STRICT_PROTOTYPES = YES;
				CLANG_WARN_SUSPICIOUS_MOVE = YES;
				CLANG_WARN_UNGUARDED_AVAILABILITY = YES_AGGRESSIVE;
				CLANG_WARN_UNREACHABLE_CODE = YES;
				CLANG_WARN__DUPLICATE_METHOD_MATCH = YES;
				COPY_PHASE_STRIP = NO;
				DEBUG_INFORMATION_FORMAT = dwarf;
				ENABLE_STRICT_OBJC_MSGSEND = YES;
				ENABLE_TESTABILITY = YES;
				ENABLE_USER_SCRIPT_SANDBOXING = YES;
				GCC_C_LANGUAGE_STANDARD = gnu17;
				GCC_DYNAMIC_NO_PIC = NO;
				GCC_NO_COMMON_BLOCKS = YES;
				GCC_OPTIMIZATION_LEVEL = 0;
				GCC_PREPROCESSOR_DEFINITIONS = (
					"DEBUG=1",
					"$(inherited)",
				);
				GCC_WARN_64_TO_32_BIT_CONVERSION = YES;
				GCC_WARN_ABOUT_RETURN_TYPE = YES_ERROR;
				GCC_WARN_UNDECLARED_SELECTOR = YES;
				GCC_WARN_UNINITIALIZED_AUTOS = YES_AGGRESSIVE;
				GCC_WARN_UNUSED_FUNCTION = YES;
				GCC_WARN_UNUSED_VARIABLE = YES;
				IPHONEOS_DEPLOYMENT_TARGET = 17.0;
				LOCALIZATION_PREFERS_STRING_CATALOGS = YES;
				MTL_ENABLE_DEBUG_INFO = INCLUDE_SOURCE;
				MTL_FAST_MATH = YES;
				ONLY_ACTIVE_ARCH = YES;
				SDKROOT = iphoneos;
				SWIFT_ACTIVE_COMPILATION_CONDITIONS = "DEBUG $(inherited)";
				SWIFT_OPTIMIZATION_LEVEL = "-Onone";
			};
			name = Debug;
		};
		024A13B62BD97772007577A8 /* Release */ = {
			isa = XCBuildConfiguration;
			buildSettings = {
				ALWAYS_SEARCH_USER_PATHS = NO;
				ASSETCATALOG_COMPILER_GENERATE_SWIFT_ASSET_SYMBOL_EXTENSIONS = YES;
				CLANG_ANALYZER_NONNULL = YES;
				CLANG_ANALYZER_NUMBER_OBJECT_CONVERSION = YES_AGGRESSIVE;
				CLANG_CXX_LANGUAGE_STANDARD = "gnu++20";
				CLANG_ENABLE_MODULES = YES;
				CLANG_ENABLE_OBJC_ARC = YES;
				CLANG_ENABLE_OBJC_WEAK = YES;
				CLANG_WARN_BLOCK_CAPTURE_AUTORELEASING = YES;
				CLANG_WARN_BOOL_CONVERSION = YES;
				CLANG_WARN_COMMA = YES;
				CLANG_WARN_CONSTANT_CONVERSION = YES;
				CLANG_WARN_DEPRECATED_OBJC_IMPLEMENTATIONS = YES;
				CLANG_WARN_DIRECT_OBJC_ISA_USAGE = YES_ERROR;
				CLANG_WARN_DOCUMENTATION_COMMENTS = YES;
				CLANG_WARN_EMPTY_BODY = YES;
				CLANG_WARN_ENUM_CONVERSION = YES;
				CLANG_WARN_INFINITE_RECURSION = YES;
				CLANG_WARN_INT_CONVERSION = YES;
				CLANG_WARN_NON_LITERAL_NULL_CONVERSION = YES;
				CLANG_WARN_OBJC_IMPLICIT_RETAIN_SELF = YES;
				CLANG_WARN_OBJC_LITERAL_CONVERSION = YES;
				CLANG_WARN_OBJC_ROOT_CLASS = YES_ERROR;
				CLANG_WARN_QUOTED_INCLUDE_IN_FRAMEWORK_HEADER = YES;
				CLANG_WARN_RANGE_LOOP_ANALYSIS = YES;
				CLANG_WARN_STRICT_PROTOTYPES = YES;
				CLANG_WARN_SUSPICIOUS_MOVE = YES;
				CLANG_WARN_UNGUARDED_AVAILABILITY = YES_AGGRESSIVE;
				CLANG_WARN_UNREACHABLE_CODE = YES;
				CLANG_WARN__DUPLICATE_METHOD_MATCH = YES;
				COPY_PHASE_STRIP = NO;
				DEBUG_INFORMATION_FORMAT = "dwarf-with-dsym";
				ENABLE_NS_ASSERTIONS = NO;
				ENABLE_STRICT_OBJC_MSGSEND = YES;
				ENABLE_USER_SCRIPT_SANDBOXING = YES;
				GCC_C_LANGUAGE_STANDARD = gnu17;
				GCC_NO_COMMON_BLOCKS = YES;
				GCC_WARN_64_TO_32_BIT_CONVERSION = YES;
				GCC_WARN_ABOUT_RETURN_TYPE = YES_ERROR;
				GCC_WARN_UNDECLARED_SELECTOR = YES;
				GCC_WARN_UNINITIALIZED_AUTOS = YES_AGGRESSIVE;
				GCC_WARN_UNUSED_FUNCTION = YES;
				GCC_WARN_UNUSED_VARIABLE = YES;
				IPHONEOS_DEPLOYMENT_TARGET = 17.0;
				LOCALIZATION_PREFERS_STRING_CATALOGS = YES;
				MTL_ENABLE_DEBUG_INFO = NO;
				MTL_FAST_MATH = YES;
				SDKROOT = iphoneos;
				SWIFT_COMPILATION_MODE = wholemodule;
				VALIDATE_PRODUCT = YES;
			};
			name = Release;
		};
		024A13B82BD97772007577A8 /* Debug */ = {
			isa = XCBuildConfiguration;
			buildSettings = {
				ASSETCATALOG_COMPILER_APPICON_NAME = AppIcon;
				ASSETCATALOG_COMPILER_GLOBAL_ACCENT_COLOR_NAME = AccentColor;
				CODE_SIGN_STYLE = Automatic;
				CURRENT_PROJECT_VERSION = 1;
				DEVELOPMENT_TEAM = XS5B289466;
				GENERATE_INFOPLIST_FILE = YES;
				INFOPLIST_FILE = PubGo/Info.plist;
				INFOPLIST_KEY_UIApplicationSupportsIndirectInputEvents = YES;
				INFOPLIST_KEY_UILaunchStoryboardName = LaunchScreen;
				INFOPLIST_KEY_UIMainStoryboardFile = Main;
				INFOPLIST_KEY_UISupportedInterfaceOrientations_iPad = "UIInterfaceOrientationPortrait UIInterfaceOrientationPortraitUpsideDown UIInterfaceOrientationLandscapeLeft UIInterfaceOrientationLandscapeRight";
				INFOPLIST_KEY_UISupportedInterfaceOrientations_iPhone = "UIInterfaceOrientationPortrait UIInterfaceOrientationLandscapeLeft UIInterfaceOrientationLandscapeRight";
				IPHONEOS_DEPLOYMENT_TARGET = 16.0;
				LD_RUNPATH_SEARCH_PATHS = (
					"$(inherited)",
					"@executable_path/Frameworks",
				);
				MARKETING_VERSION = 1.0;
				PRODUCT_BUNDLE_IDENTIFIER = com.ffk.PubGo;
				PRODUCT_NAME = "$(TARGET_NAME)";
				SWIFT_EMIT_LOC_STRINGS = YES;
				SWIFT_VERSION = 5.0;
				TARGETED_DEVICE_FAMILY = "1,2";
			};
			name = Debug;
		};
		024A13B92BD97772007577A8 /* Release */ = {
			isa = XCBuildConfiguration;
			buildSettings = {
				ASSETCATALOG_COMPILER_APPICON_NAME = AppIcon;
				ASSETCATALOG_COMPILER_GLOBAL_ACCENT_COLOR_NAME = AccentColor;
				CODE_SIGN_STYLE = Automatic;
				CURRENT_PROJECT_VERSION = 1;
				DEVELOPMENT_TEAM = XS5B289466;
				GENERATE_INFOPLIST_FILE = YES;
				INFOPLIST_FILE = PubGo/Info.plist;
				INFOPLIST_KEY_UIApplicationSupportsIndirectInputEvents = YES;
				INFOPLIST_KEY_UILaunchStoryboardName = LaunchScreen;
				INFOPLIST_KEY_UIMainStoryboardFile = Main;
				INFOPLIST_KEY_UISupportedInterfaceOrientations_iPad = "UIInterfaceOrientationPortrait UIInterfaceOrientationPortraitUpsideDown UIInterfaceOrientationLandscapeLeft UIInterfaceOrientationLandscapeRight";
				INFOPLIST_KEY_UISupportedInterfaceOrientations_iPhone = "UIInterfaceOrientationPortrait UIInterfaceOrientationLandscapeLeft UIInterfaceOrientationLandscapeRight";
				IPHONEOS_DEPLOYMENT_TARGET = 16.0;
				LD_RUNPATH_SEARCH_PATHS = (
					"$(inherited)",
					"@executable_path/Frameworks",
				);
				MARKETING_VERSION = 1.0;
				PRODUCT_BUNDLE_IDENTIFIER = com.ffk.PubGo;
				PRODUCT_NAME = "$(TARGET_NAME)";
				SWIFT_EMIT_LOC_STRINGS = YES;
				SWIFT_VERSION = 5.0;
				TARGETED_DEVICE_FAMILY = "1,2";
			};
			name = Release;
		};
/* End XCBuildConfiguration section */

/* Begin XCConfigurationList section */
		024A139E2BD97772007577A8 /* Build configuration list for PBXProject "PubGo" */ = {
			isa = XCConfigurationList;
			buildConfigurations = (
				024A13B52BD97772007577A8 /* Debug */,
				024A13B62BD97772007577A8 /* Release */,
			);
			defaultConfigurationIsVisible = 0;
			defaultConfigurationName = Release;
		};
		024A13B72BD97772007577A8 /* Build configuration list for PBXNativeTarget "PubGo" */ = {
			isa = XCConfigurationList;
			buildConfigurations = (
				024A13B82BD97772007577A8 /* Debug */,
				024A13B92BD97772007577A8 /* Release */,
			);
			defaultConfigurationIsVisible = 0;
			defaultConfigurationName = Release;
		};
/* End XCConfigurationList section */
	};
	rootObject = 024A139B2BD97772007577A8 /* Project object */;
}
