// !$*UTF8*$!
{
	archiveVersion = 1;
	classes = {
	};
	objectVersion = 56;
	objects = {

/* Begin PBXBuildFile section */
		0258025A2BD67E8F00B6FD14 /* AppDelegate.swift in Sources */ = {isa = PBXBuildFile; fileRef = 025802592BD67E8F00B6FD14 /* AppDelegate.swift */; };
		0258025C2BD67E8F00B6FD14 /* SceneDelegate.swift in Sources */ = {isa = PBXBuildFile; fileRef = 0258025B2BD67E8F00B6FD14 /* SceneDelegate.swift */; };
		025802612BD67E8F00B6FD14 /* Main.storyboard in Resources */ = {isa = PBXBuildFile; fileRef = 0258025F2BD67E8F00B6FD14 /* Main.storyboard */; };
		025802632BD67E9000B6FD14 /* Assets.xcassets in Resources */ = {isa = PBXBuildFile; fileRef = 025802622BD67E9000B6FD14 /* Assets.xcassets */; };
		025802662BD67E9000B6FD14 /* LaunchScreen.storyboard in Resources */ = {isa = PBXBuildFile; fileRef = 025802642BD67E9000B6FD14 /* LaunchScreen.storyboard */; };
		025802742BD6A48C00B6FD14 /* OnboardingViewController.swift in Sources */ = {isa = PBXBuildFile; fileRef = 025802732BD6A48C00B6FD14 /* OnboardingViewController.swift */; };
		025802772BD6A56E00B6FD14 /* OnboardingCollectionViewCell.swift in Sources */ = {isa = PBXBuildFile; fileRef = 025802762BD6A56E00B6FD14 /* OnboardingCollectionViewCell.swift */; };
		0258027A2BD6A5EB00B6FD14 /* OnboardingModel.swift in Sources */ = {isa = PBXBuildFile; fileRef = 025802792BD6A5EB00B6FD14 /* OnboardingModel.swift */; };
		0258027C2BD6A9C400B6FD14 /* LoginViewController.swift in Sources */ = {isa = PBXBuildFile; fileRef = 0258027B2BD6A9C400B6FD14 /* LoginViewController.swift */; };
		0258027E2BD6A9CD00B6FD14 /* RegisterViewController.swift in Sources */ = {isa = PBXBuildFile; fileRef = 0258027D2BD6A9CD00B6FD14 /* RegisterViewController.swift */; };
/* End PBXBuildFile section */

/* Begin PBXFileReference section */
		025802562BD67E8F00B6FD14 /* bilet-yolcu-odevi.app */ = {isa = PBXFileReference; explicitFileType = wrapper.application; includeInIndex = 0; path = "bilet-yolcu-odevi.app"; sourceTree = BUILT_PRODUCTS_DIR; };
		025802592BD67E8F00B6FD14 /* AppDelegate.swift */ = {isa = PBXFileReference; lastKnownFileType = sourcecode.swift; path = AppDelegate.swift; sourceTree = "<group>"; };
		0258025B2BD67E8F00B6FD14 /* SceneDelegate.swift */ = {isa = PBXFileReference; lastKnownFileType = sourcecode.swift; path = SceneDelegate.swift; sourceTree = "<group>"; };
		025802602BD67E8F00B6FD14 /* Base */ = {isa = PBXFileReference; lastKnownFileType = file.storyboard; name = Base; path = Base.lproj/Main.storyboard; sourceTree = "<group>"; };
		025802622BD67E9000B6FD14 /* Assets.xcassets */ = {isa = PBXFileReference; lastKnownFileType = folder.assetcatalog; path = Assets.xcassets; sourceTree = "<group>"; };
		025802652BD67E9000B6FD14 /* Base */ = {isa = PBXFileReference; lastKnownFileType = file.storyboard; name = Base; path = Base.lproj/LaunchScreen.storyboard; sourceTree = "<group>"; };
		025802672BD67E9000B6FD14 /* Info.plist */ = {isa = PBXFileReference; lastKnownFileType = text.plist.xml; path = Info.plist; sourceTree = "<group>"; };
		025802732BD6A48C00B6FD14 /* OnboardingViewController.swift */ = {isa = PBXFileReference; lastKnownFileType = sourcecode.swift; path = OnboardingViewController.swift; sourceTree = "<group>"; };
		025802762BD6A56E00B6FD14 /* OnboardingCollectionViewCell.swift */ = {isa = PBXFileReference; lastKnownFileType = sourcecode.swift; path = OnboardingCollectionViewCell.swift; sourceTree = "<group>"; };
		025802792BD6A5EB00B6FD14 /* OnboardingModel.swift */ = {isa = PBXFileReference; lastKnownFileType = sourcecode.swift; path = OnboardingModel.swift; sourceTree = "<group>"; };
		0258027B2BD6A9C400B6FD14 /* LoginViewController.swift */ = {isa = PBXFileReference; lastKnownFileType = sourcecode.swift; path = LoginViewController.swift; sourceTree = "<group>"; };
		0258027D2BD6A9CD00B6FD14 /* RegisterViewController.swift */ = {isa = PBXFileReference; lastKnownFileType = sourcecode.swift; path = RegisterViewController.swift; sourceTree = "<group>"; };
/* End PBXFileReference section */

/* Begin PBXFrameworksBuildPhase section */
		025802532BD67E8F00B6FD14 /* Frameworks */ = {
			isa = PBXFrameworksBuildPhase;
			buildActionMask = 2147483647;
			files = (
			);
			runOnlyForDeploymentPostprocessing = 0;
		};
/* End PBXFrameworksBuildPhase section */

/* Begin PBXGroup section */
		0258024D2BD67E8F00B6FD14 = {
			isa = PBXGroup;
			children = (
				025802582BD67E8F00B6FD14 /* bilet-yolcu-odevi */,
				025802572BD67E8F00B6FD14 /* Products */,
			);
			sourceTree = "<group>";
		};
		025802572BD67E8F00B6FD14 /* Products */ = {
			isa = PBXGroup;
			children = (
				025802562BD67E8F00B6FD14 /* bilet-yolcu-odevi.app */,
			);
			name = Products;
			sourceTree = "<group>";
		};
		025802582BD67E8F00B6FD14 /* bilet-yolcu-odevi */ = {
			isa = PBXGroup;
			children = (
				025802782BD6A5DF00B6FD14 /* Models */,
				0258026E2BD67EB600B6FD14 /* Supporting Files */,
				0258026D2BD67EAD00B6FD14 /* Storyboards */,
				0258026F2BD67ED400B6FD14 /* Controller */,
				025802622BD67E9000B6FD14 /* Assets.xcassets */,
				025802672BD67E9000B6FD14 /* Info.plist */,
			);
			path = "bilet-yolcu-odevi";
			sourceTree = "<group>";
		};
		0258026D2BD67EAD00B6FD14 /* Storyboards */ = {
			isa = PBXGroup;
			children = (
				0258025F2BD67E8F00B6FD14 /* Main.storyboard */,
				025802642BD67E9000B6FD14 /* LaunchScreen.storyboard */,
			);
			path = Storyboards;
			sourceTree = "<group>";
		};
		0258026E2BD67EB600B6FD14 /* Supporting Files */ = {
			isa = PBXGroup;
			children = (
				025802592BD67E8F00B6FD14 /* AppDelegate.swift */,
				0258025B2BD67E8F00B6FD14 /* SceneDelegate.swift */,
			);
			path = "Supporting Files";
			sourceTree = "<group>";
		};
		0258026F2BD67ED400B6FD14 /* Controller */ = {
			isa = PBXGroup;
			children = (
				025802802BD6A9D800B6FD14 /* Register */,
				0258027F2BD6A9D000B6FD14 /* Login */,
				025802702BD6A05900B6FD14 /* Onboarding */,
			);
			path = Controller;
			sourceTree = "<group>";
		};
		025802702BD6A05900B6FD14 /* Onboarding */ = {
			isa = PBXGroup;
			children = (
				025802752BD6A55400B6FD14 /* Cell */,
				025802732BD6A48C00B6FD14 /* OnboardingViewController.swift */,
			);
			path = Onboarding;
			sourceTree = "<group>";
		};
		025802752BD6A55400B6FD14 /* Cell */ = {
			isa = PBXGroup;
			children = (
				025802762BD6A56E00B6FD14 /* OnboardingCollectionViewCell.swift */,
			);
			path = Cell;
			sourceTree = "<group>";
		};
		025802782BD6A5DF00B6FD14 /* Models */ = {
			isa = PBXGroup;
			children = (
				025802792BD6A5EB00B6FD14 /* OnboardingModel.swift */,
			);
			path = Models;
			sourceTree = "<group>";
		};
		0258027F2BD6A9D000B6FD14 /* Login */ = {
			isa = PBXGroup;
			children = (
				0258027B2BD6A9C400B6FD14 /* LoginViewController.swift */,
			);
			path = Login;
			sourceTree = "<group>";
		};
		025802802BD6A9D800B6FD14 /* Register */ = {
			isa = PBXGroup;
			children = (
				0258027D2BD6A9CD00B6FD14 /* RegisterViewController.swift */,
			);
			path = Register;
			sourceTree = "<group>";
		};
/* End PBXGroup section */

/* Begin PBXNativeTarget section */
		025802552BD67E8F00B6FD14 /* bilet-yolcu-odevi */ = {
			isa = PBXNativeTarget;
			buildConfigurationList = 0258026A2BD67E9000B6FD14 /* Build configuration list for PBXNativeTarget "bilet-yolcu-odevi" */;
			buildPhases = (
				025802522BD67E8F00B6FD14 /* Sources */,
				025802532BD67E8F00B6FD14 /* Frameworks */,
				025802542BD67E8F00B6FD14 /* Resources */,
			);
			buildRules = (
			);
			dependencies = (
			);
			name = "bilet-yolcu-odevi";
			productName = "bilet-yolcu-odevi";
			productReference = 025802562BD67E8F00B6FD14 /* bilet-yolcu-odevi.app */;
			productType = "com.apple.product-type.application";
		};
/* End PBXNativeTarget section */

/* Begin PBXProject section */
		0258024E2BD67E8F00B6FD14 /* Project object */ = {
			isa = PBXProject;
			attributes = {
				BuildIndependentTargetsInParallel = 1;
				LastSwiftUpdateCheck = 1500;
				LastUpgradeCheck = 1500;
				TargetAttributes = {
					025802552BD67E8F00B6FD14 = {
						CreatedOnToolsVersion = 15.0.1;
					};
				};
			};
			buildConfigurationList = 025802512BD67E8F00B6FD14 /* Build configuration list for PBXProject "bilet-yolcu-odevi" */;
			compatibilityVersion = "Xcode 14.0";
			developmentRegion = en;
			hasScannedForEncodings = 0;
			knownRegions = (
				en,
				Base,
			);
			mainGroup = 0258024D2BD67E8F00B6FD14;
			productRefGroup = 025802572BD67E8F00B6FD14 /* Products */;
			projectDirPath = "";
			projectRoot = "";
			targets = (
				025802552BD67E8F00B6FD14 /* bilet-yolcu-odevi */,
			);
		};
/* End PBXProject section */

/* Begin PBXResourcesBuildPhase section */
		025802542BD67E8F00B6FD14 /* Resources */ = {
			isa = PBXResourcesBuildPhase;
			buildActionMask = 2147483647;
			files = (
				025802662BD67E9000B6FD14 /* LaunchScreen.storyboard in Resources */,
				025802632BD67E9000B6FD14 /* Assets.xcassets in Resources */,
				025802612BD67E8F00B6FD14 /* Main.storyboard in Resources */,
			);
			runOnlyForDeploymentPostprocessing = 0;
		};
/* End PBXResourcesBuildPhase section */

/* Begin PBXSourcesBuildPhase section */
		025802522BD67E8F00B6FD14 /* Sources */ = {
			isa = PBXSourcesBuildPhase;
			buildActionMask = 2147483647;
			files = (
				0258027C2BD6A9C400B6FD14 /* LoginViewController.swift in Sources */,
				0258025A2BD67E8F00B6FD14 /* AppDelegate.swift in Sources */,
				0258027E2BD6A9CD00B6FD14 /* RegisterViewController.swift in Sources */,
				0258027A2BD6A5EB00B6FD14 /* OnboardingModel.swift in Sources */,
				025802742BD6A48C00B6FD14 /* OnboardingViewController.swift in Sources */,
				0258025C2BD67E8F00B6FD14 /* SceneDelegate.swift in Sources */,
				025802772BD6A56E00B6FD14 /* OnboardingCollectionViewCell.swift in Sources */,
			);
			runOnlyForDeploymentPostprocessing = 0;
		};
/* End PBXSourcesBuildPhase section */

/* Begin PBXVariantGroup section */
		0258025F2BD67E8F00B6FD14 /* Main.storyboard */ = {
			isa = PBXVariantGroup;
			children = (
				025802602BD67E8F00B6FD14 /* Base */,
			);
			name = Main.storyboard;
			sourceTree = "<group>";
		};
		025802642BD67E9000B6FD14 /* LaunchScreen.storyboard */ = {
			isa = PBXVariantGroup;
			children = (
				025802652BD67E9000B6FD14 /* Base */,
			);
			name = LaunchScreen.storyboard;
			sourceTree = "<group>";
		};
/* End PBXVariantGroup section */

/* Begin XCBuildConfiguration section */
		025802682BD67E9000B6FD14 /* Debug */ = {
			isa = XCBuildConfiguration;
			buildSettings = {
				ALWAYS_SEARCH_USER_PATHS = NO;
				ASSETCATALOG_COMPILER_GENERATE_SWIFT_ASSET_SYMBOL_EXTENSIONS = YES;
				CLANG_ANALYZER_NONNULL = YES;
				CLANG_ANALYZER_NUMBER_OBJECT_CONVERSION = YES_AGGRESSIVE;
				CLANG_CXX_LANGUAGE_STANDARD = "gnu++20";
				CLANG_ENABLE_MODULES = YES;
				CLANG_ENABLE_OBJC_ARC = YES;
				CLANG_ENABLE_OBJC_WEAK = YES;
				CLANG_WARN_BLOCK_CAPTURE_AUTORELEASING = YES;
				CLANG_WARN_BOOL_CONVERSION = YES;
				CLANG_WARN_COMMA = YES;
				CLANG_WARN_CONSTANT_CONVERSION = YES;
				CLANG_WARN_DEPRECATED_OBJC_IMPLEMENTATIONS = YES;
				CLANG_WARN_DIRECT_OBJC_ISA_USAGE = YES_ERROR;
				CLANG_WARN_DOCUMENTATION_COMMENTS = YES;
				CLANG_WARN_EMPTY_BODY = YES;
				CLANG_WARN_ENUM_CONVERSION = YES;
				CLANG_WARN_INFINITE_RECURSION = YES;
				CLANG_WARN_INT_CONVERSION = YES;
				CLANG_WARN_NON_LITERAL_NULL_CONVERSION = YES;
				CLANG_WARN_OBJC_IMPLICIT_RETAIN_SELF = YES;
				CLANG_WARN_OBJC_LITERAL_CONVERSION = YES;
				CLANG_WARN_OBJC_ROOT_CLASS = YES_ERROR;
				CLANG_WARN_QUOTED_INCLUDE_IN_FRAMEWORK_HEADER = YES;
				CLANG_WARN_RANGE_LOOP_ANALYSIS = YES;
				CLANG_WARN_STRICT_PROTOTYPES = YES;
				CLANG_WARN_SUSPICIOUS_MOVE = YES;
				CLANG_WARN_UNGUARDED_AVAILABILITY = YES_AGGRESSIVE;
				CLANG_WARN_UNREACHABLE_CODE = YES;
				CLANG_WARN__DUPLICATE_METHOD_MATCH = YES;
				COPY_PHASE_STRIP = NO;
				DEBUG_INFORMATION_FORMAT = dwarf;
				ENABLE_STRICT_OBJC_MSGSEND = YES;
				ENABLE_TESTABILITY = YES;
				ENABLE_USER_SCRIPT_SANDBOXING = YES;
				GCC_C_LANGUAGE_STANDARD = gnu17;
				GCC_DYNAMIC_NO_PIC = NO;
				GCC_NO_COMMON_BLOCKS = YES;
				GCC_OPTIMIZATION_LEVEL = 0;
				GCC_PREPROCESSOR_DEFINITIONS = (
					"DEBUG=1",
					"$(inherited)",
				);
				GCC_WARN_64_TO_32_BIT_CONVERSION = YES;
				GCC_WARN_ABOUT_RETURN_TYPE = YES_ERROR;
				GCC_WARN_UNDECLARED_SELECTOR = YES;
				GCC_WARN_UNINITIALIZED_AUTOS = YES_AGGRESSIVE;
				GCC_WARN_UNUSED_FUNCTION = YES;
				GCC_WARN_UNUSED_VARIABLE = YES;
				IPHONEOS_DEPLOYMENT_TARGET = 17.0;
				LOCALIZATION_PREFERS_STRING_CATALOGS = YES;
				MTL_ENABLE_DEBUG_INFO = INCLUDE_SOURCE;
				MTL_FAST_MATH = YES;
				ONLY_ACTIVE_ARCH = YES;
				SDKROOT = iphoneos;
				SWIFT_ACTIVE_COMPILATION_CONDITIONS = "DEBUG $(inherited)";
				SWIFT_OPTIMIZATION_LEVEL = "-Onone";
			};
			name = Debug;
		};
		025802692BD67E9000B6FD14 /* Release */ = {
			isa = XCBuildConfiguration;
			buildSettings = {
				ALWAYS_SEARCH_USER_PATHS = NO;
				ASSETCATALOG_COMPILER_GENERATE_SWIFT_ASSET_SYMBOL_EXTENSIONS = YES;
				CLANG_ANALYZER_NONNULL = YES;
				CLANG_ANALYZER_NUMBER_OBJECT_CONVERSION = YES_AGGRESSIVE;
				CLANG_CXX_LANGUAGE_STANDARD = "gnu++20";
				CLANG_ENABLE_MODULES = YES;
				CLANG_ENABLE_OBJC_ARC = YES;
				CLANG_ENABLE_OBJC_WEAK = YES;
				CLANG_WARN_BLOCK_CAPTURE_AUTORELEASING = YES;
				CLANG_WARN_BOOL_CONVERSION = YES;
				CLANG_WARN_COMMA = YES;
				CLANG_WARN_CONSTANT_CONVERSION = YES;
				CLANG_WARN_DEPRECATED_OBJC_IMPLEMENTATIONS = YES;
				CLANG_WARN_DIRECT_OBJC_ISA_USAGE = YES_ERROR;
				CLANG_WARN_DOCUMENTATION_COMMENTS = YES;
				CLANG_WARN_EMPTY_BODY = YES;
				CLANG_WARN_ENUM_CONVERSION = YES;
				CLANG_WARN_INFINITE_RECURSION = YES;
				CLANG_WARN_INT_CONVERSION = YES;
				CLANG_WARN_NON_LITERAL_NULL_CONVERSION = YES;
				CLANG_WARN_OBJC_IMPLICIT_RETAIN_SELF = YES;
				CLANG_WARN_OBJC_LITERAL_CONVERSION = YES;
				CLANG_WARN_OBJC_ROOT_CLASS = YES_ERROR;
				CLANG_WARN_QUOTED_INCLUDE_IN_FRAMEWORK_HEADER = YES;
				CLANG_WARN_RANGE_LOOP_ANALYSIS = YES;
				CLANG_WARN_STRICT_PROTOTYPES = YES;
				CLANG_WARN_SUSPICIOUS_MOVE = YES;
				CLANG_WARN_UNGUARDED_AVAILABILITY = YES_AGGRESSIVE;
				CLANG_WARN_UNREACHABLE_CODE = YES;
				CLANG_WARN__DUPLICATE_METHOD_MATCH = YES;
				COPY_PHASE_STRIP = NO;
				DEBUG_INFORMATION_FORMAT = "dwarf-with-dsym";
				ENABLE_NS_ASSERTIONS = NO;
				ENABLE_STRICT_OBJC_MSGSEND = YES;
				ENABLE_USER_SCRIPT_SANDBOXING = YES;
				GCC_C_LANGUAGE_STANDARD = gnu17;
				GCC_NO_COMMON_BLOCKS = YES;
				GCC_WARN_64_TO_32_BIT_CONVERSION = YES;
				GCC_WARN_ABOUT_RETURN_TYPE = YES_ERROR;
				GCC_WARN_UNDECLARED_SELECTOR = YES;
				GCC_WARN_UNINITIALIZED_AUTOS = YES_AGGRESSIVE;
				GCC_WARN_UNUSED_FUNCTION = YES;
				GCC_WARN_UNUSED_VARIABLE = YES;
				IPHONEOS_DEPLOYMENT_TARGET = 17.0;
				LOCALIZATION_PREFERS_STRING_CATALOGS = YES;
				MTL_ENABLE_DEBUG_INFO = NO;
				MTL_FAST_MATH = YES;
				SDKROOT = iphoneos;
				SWIFT_COMPILATION_MODE = wholemodule;
				VALIDATE_PRODUCT = YES;
			};
			name = Release;
		};
		0258026B2BD67E9000B6FD14 /* Debug */ = {
			isa = XCBuildConfiguration;
			buildSettings = {
				ASSETCATALOG_COMPILER_APPICON_NAME = AppIcon;
				ASSETCATALOG_COMPILER_GLOBAL_ACCENT_COLOR_NAME = AccentColor;
				CODE_SIGN_STYLE = Automatic;
				CURRENT_PROJECT_VERSION = 1;
				DEVELOPMENT_TEAM = XS5B289466;
				GENERATE_INFOPLIST_FILE = YES;
				INFOPLIST_FILE = "bilet-yolcu-odevi/Info.plist";
				INFOPLIST_KEY_UIApplicationSupportsIndirectInputEvents = YES;
				INFOPLIST_KEY_UILaunchStoryboardName = LaunchScreen;
				INFOPLIST_KEY_UIMainStoryboardFile = Main;
				INFOPLIST_KEY_UISupportedInterfaceOrientations_iPad = "UIInterfaceOrientationPortrait UIInterfaceOrientationPortraitUpsideDown UIInterfaceOrientationLandscapeLeft UIInterfaceOrientationLandscapeRight";
				INFOPLIST_KEY_UISupportedInterfaceOrientations_iPhone = "UIInterfaceOrientationPortrait UIInterfaceOrientationLandscapeLeft UIInterfaceOrientationLandscapeRight";
				LD_RUNPATH_SEARCH_PATHS = (
					"$(inherited)",
					"@executable_path/Frameworks",
				);
				MARKETING_VERSION = 1.0;
				PRODUCT_BUNDLE_IDENTIFIER = "com.ffk.bilet-yolcu-odevi";
				PRODUCT_NAME = "$(TARGET_NAME)";
				SWIFT_EMIT_LOC_STRINGS = YES;
				SWIFT_VERSION = 5.0;
				TARGETED_DEVICE_FAMILY = "1,2";
			};
			name = Debug;
		};
		0258026C2BD67E9000B6FD14 /* Release */ = {
			isa = XCBuildConfiguration;
			buildSettings = {
				ASSETCATALOG_COMPILER_APPICON_NAME = AppIcon;
				ASSETCATALOG_COMPILER_GLOBAL_ACCENT_COLOR_NAME = AccentColor;
				CODE_SIGN_STYLE = Automatic;
				CURRENT_PROJECT_VERSION = 1;
				DEVELOPMENT_TEAM = XS5B289466;
				GENERATE_INFOPLIST_FILE = YES;
				INFOPLIST_FILE = "bilet-yolcu-odevi/Info.plist";
				INFOPLIST_KEY_UIApplicationSupportsIndirectInputEvents = YES;
				INFOPLIST_KEY_UILaunchStoryboardName = LaunchScreen;
				INFOPLIST_KEY_UIMainStoryboardFile = Main;
				INFOPLIST_KEY_UISupportedInterfaceOrientations_iPad = "UIInterfaceOrientationPortrait UIInterfaceOrientationPortraitUpsideDown UIInterfaceOrientationLandscapeLeft UIInterfaceOrientationLandscapeRight";
				INFOPLIST_KEY_UISupportedInterfaceOrientations_iPhone = "UIInterfaceOrientationPortrait UIInterfaceOrientationLandscapeLeft UIInterfaceOrientationLandscapeRight";
				LD_RUNPATH_SEARCH_PATHS = (
					"$(inherited)",
					"@executable_path/Frameworks",
				);
				MARKETING_VERSION = 1.0;
				PRODUCT_BUNDLE_IDENTIFIER = "com.ffk.bilet-yolcu-odevi";
				PRODUCT_NAME = "$(TARGET_NAME)";
				SWIFT_EMIT_LOC_STRINGS = YES;
				SWIFT_VERSION = 5.0;
				TARGETED_DEVICE_FAMILY = "1,2";
			};
			name = Release;
		};
/* End XCBuildConfiguration section */

/* Begin XCConfigurationList section */
		025802512BD67E8F00B6FD14 /* Build configuration list for PBXProject "bilet-yolcu-odevi" */ = {
			isa = XCConfigurationList;
			buildConfigurations = (
				025802682BD67E9000B6FD14 /* Debug */,
				025802692BD67E9000B6FD14 /* Release */,
			);
			defaultConfigurationIsVisible = 0;
			defaultConfigurationName = Release;
		};
		0258026A2BD67E9000B6FD14 /* Build configuration list for PBXNativeTarget "bilet-yolcu-odevi" */ = {
			isa = XCConfigurationList;
			buildConfigurations = (
				0258026B2BD67E9000B6FD14 /* Debug */,
				0258026C2BD67E9000B6FD14 /* Release */,
			);
			defaultConfigurationIsVisible = 0;
			defaultConfigurationName = Release;
		};
/* End XCConfigurationList section */
	};
	rootObject = 0258024E2BD67E8F00B6FD14 /* Project object */;
}
